
Microsoft Visual Studio Solution File, Format Version 12.00
# Visual Studio 15
VisualStudioVersion = 15.0.28307.271
MinimumVisualStudioVersion = 10.0.40219.1
Project("{9A19103F-16F7-4668-BE54-9A1E7A4F7556}") = "AwardsAPI.Presentation", "AwardsAPI.Presentation\AwardsAPI.Presentation.csproj", "{C6419CD0-1F70-4723-B1B7-F0F635AD62D2}"
EndProject
Project("{FAE04EC0-301F-11D3-BF4B-00C04F79EFBC}") = "AwardsAPI.Models", "AwardsAPI.Modelsss\AwardsAPI.Models.csproj", "{EB544065-86DD-40D7-941B-62FC49540426}"
EndProject
Project("{FAE04EC0-301F-11D3-BF4B-00C04F79EFBC}") = "AwardsAPI.DAL", "AwardsAPI.DALLL\AwardsAPI.DAL.csproj", "{C54DC2C4-935D-4DA9-B409-DC3ED01B019A}"
EndProject
Project("{FAE04EC0-301F-11D3-BF4B-00C04F79EFBC}") = "AwardsAPI.BusinessLogic", "AwardsAPI.BusinessLogiccc\AwardsAPI.BusinessLogic.csproj", "{9E9DAB29-514F-4023-8F11-0EB268281124}"
EndProject
Global
	GlobalSection(SolutionConfigurationPlatforms) = preSolution
		Debug|Any CPU = Debug|Any CPU
		Release|Any CPU = Release|Any CPU
	EndGlobalSection
	GlobalSection(ProjectConfigurationPlatforms) = postSolution
		{C6419CD0-1F70-4723-B1B7-F0F635AD62D2}.Debug|Any CPU.ActiveCfg = Debug|Any CPU
		{C6419CD0-1F70-4723-B1B7-F0F635AD62D2}.Debug|Any CPU.Build.0 = Debug|Any CPU
		{C6419CD0-1F70-4723-B1B7-F0F635AD62D2}.Release|Any CPU.ActiveCfg = Release|Any CPU
		{C6419CD0-1F70-4723-B1B7-F0F635AD62D2}.Release|Any CPU.Build.0 = Release|Any CPU
		{EB544065-86DD-40D7-941B-62FC49540426}.Debug|Any CPU.ActiveCfg = Debug|Any CPU
		{EB544065-86DD-40D7-941B-62FC49540426}.Debug|Any CPU.Build.0 = Debug|Any CPU
		{EB544065-86DD-40D7-941B-62FC49540426}.Release|Any CPU.ActiveCfg = Release|Any CPU
		{EB544065-86DD-40D7-941B-62FC49540426}.Release|Any CPU.Build.0 = Release|Any CPU
		{C54DC2C4-935D-4DA9-B409-DC3ED01B019A}.Debug|Any CPU.ActiveCfg = Debug|Any CPU
		{C54DC2C4-935D-4DA9-B409-DC3ED01B019A}.Debug|Any CPU.Build.0 = Debug|Any CPU
		{C54DC2C4-935D-4DA9-B409-DC3ED01B019A}.Release|Any CPU.ActiveCfg = Release|Any CPU
		{C54DC2C4-935D-4DA9-B409-DC3ED01B019A}.Release|Any CPU.Build.0 = Release|Any CPU
		{9E9DAB29-514F-4023-8F11-0EB268281124}.Debug|Any CPU.ActiveCfg = Debug|Any CPU
		{9E9DAB29-514F-4023-8F11-0EB268281124}.Debug|Any CPU.Build.0 = Debug|Any CPU
		{9E9DAB29-514F-4023-8F11-0EB268281124}.Release|Any CPU.ActiveCfg = Release|Any CPU
		{9E9DAB29-514F-4023-8F11-0EB268281124}.Release|Any CPU.Build.0 = Release|Any CPU
	EndGlobalSection
	GlobalSection(SolutionProperties) = preSolution
		HideSolutionNode = FALSE
	EndGlobalSection
	GlobalSection(ExtensibilityGlobals) = postSolution
		SolutionGuid = {DB274774-33C1-425F-96F7-90638E232079}
	EndGlobalSection
EndGlobal
